// !$*UTF8*$!
{
	archiveVersion = 1;
	classes = {
	};
	objectVersion = 46;
	objects = {

/* Begin PBXBuildFile section */
		1FCD07061EA245B000939672 /* AppDelegate.swift in Sources */ = {isa = PBXBuildFile; fileRef = 1FCD07051EA245B000939672 /* AppDelegate.swift */; };
		1FCD07081EA245B000939672 /* ViewController.swift in Sources */ = {isa = PBXBuildFile; fileRef = 1FCD07071EA245B000939672 /* ViewController.swift */; };
		1FCD070B1EA245B000939672 /* Main.storyboard in Resources */ = {isa = PBXBuildFile; fileRef = 1FCD07091EA245B000939672 /* Main.storyboard */; };
		1FCD070D1EA245B000939672 /* Assets.xcassets in Resources */ = {isa = PBXBuildFile; fileRef = 1FCD070C1EA245B000939672 /* Assets.xcassets */; };
		1FCD07101EA245B000939672 /* LaunchScreen.storyboard in Resources */ = {isa = PBXBuildFile; fileRef = 1FCD070E1EA245B000939672 /* LaunchScreen.storyboard */; };
		1FCD071B1EA245B100939672 /* examTests.swift in Sources */ = {isa = PBXBuildFile; fileRef = 1FCD071A1EA245B100939672 /* examTests.swift */; };
		1FCD07261EA245B100939672 /* examUITests.swift in Sources */ = {isa = PBXBuildFile; fileRef = 1FCD07251EA245B100939672 /* examUITests.swift */; };
/* End PBXBuildFile section */

/* Begin PBXContainerItemProxy section */
		1FCD07171EA245B100939672 /* PBXContainerItemProxy */ = {
			isa = PBXContainerItemProxy;
			containerPortal = 1FCD06FA1EA245B000939672 /* Project object */;
			proxyType = 1;
			remoteGlobalIDString = 1FCD07011EA245B000939672;
			remoteInfo = exam;
		};
		1FCD07221EA245B100939672 /* PBXContainerItemProxy */ = {
			isa = PBXContainerItemProxy;
			containerPortal = 1FCD06FA1EA245B000939672 /* Project object */;
			proxyType = 1;
			remoteGlobalIDString = 1FCD07011EA245B000939672;
			remoteInfo = exam;
		};
/* End PBXContainerItemProxy section */

/* Begin PBXFileReference section */
		1FCD07021EA245B000939672 /* exam.app */ = {isa = PBXFileReference; explicitFileType = wrapper.application; includeInIndex = 0; path = exam.app; sourceTree = BUILT_PRODUCTS_DIR; };
		1FCD07051EA245B000939672 /* AppDelegate.swift */ = {isa = PBXFileReference; lastKnownFileType = sourcecode.swift; path = AppDelegate.swift; sourceTree = "<group>"; };
		1FCD07071EA245B000939672 /* ViewController.swift */ = {isa = PBXFileReference; lastKnownFileType = sourcecode.swift; path = ViewController.swift; sourceTree = "<group>"; };
		1FCD070A1EA245B000939672 /* Base */ = {isa = PBXFileReference; lastKnownFileType = file.storyboard; name = Base; path = Base.lproj/Main.storyboard; sourceTree = "<group>"; };
		1FCD070C1EA245B000939672 /* Assets.xcassets */ = {isa = PBXFileReference; lastKnownFileType = folder.assetcatalog; path = Assets.xcassets; sourceTree = "<group>"; };
		1FCD070F1EA245B000939672 /* Base */ = {isa = PBXFileReference; lastKnownFileType = file.storyboard; name = Base; path = Base.lproj/LaunchScreen.storyboard; sourceTree = "<group>"; };
		1FCD07111EA245B000939672 /* Info.plist */ = {isa = PBXFileReference; lastKnownFileType = text.plist.xml; path = Info.plist; sourceTree = "<group>"; };
		1FCD07161EA245B100939672 /* examTests.xctest */ = {isa = PBXFileReference; explicitFileType = wrapper.cfbundle; includeInIndex = 0; path = examTests.xctest; sourceTree = BUILT_PRODUCTS_DIR; };
		1FCD071A1EA245B100939672 /* examTests.swift */ = {isa = PBXFileReference; lastKnownFileType = sourcecode.swift; path = examTests.swift; sourceTree = "<group>"; };
		1FCD071C1EA245B100939672 /* Info.plist */ = {isa = PBXFileReference; lastKnownFileType = text.plist.xml; path = Info.plist; sourceTree = "<group>"; };
		1FCD07211EA245B100939672 /* examUITests.xctest */ = {isa = PBXFileReference; explicitFileType = wrapper.cfbundle; includeInIndex = 0; path = examUITests.xctest; sourceTree = BUILT_PRODUCTS_DIR; };
		1FCD07251EA245B100939672 /* examUITests.swift */ = {isa = PBXFileReference; lastKnownFileType = sourcecode.swift; path = examUITests.swift; sourceTree = "<group>"; };
		1FCD07271EA245B100939672 /* Info.plist */ = {isa = PBXFileReference; lastKnownFileType = text.plist.xml; path = Info.plist; sourceTree = "<group>"; };
/* End PBXFileReference section */

/* Begin PBXFrameworksBuildPhase section */
		1FCD06FF1EA245B000939672 /* Frameworks */ = {
			isa = PBXFrameworksBuildPhase;
			buildActionMask = 2147483647;
			files = (
			);
			runOnlyForDeploymentPostprocessing = 0;
		};
		1FCD07131EA245B100939672 /* Frameworks */ = {
			isa = PBXFrameworksBuildPhase;
			buildActionMask = 2147483647;
			files = (
			);
			runOnlyForDeploymentPostprocessing = 0;
		};
		1FCD071E1EA245B100939672 /* Frameworks */ = {
			isa = PBXFrameworksBuildPhase;
			buildActionMask = 2147483647;
			files = (
			);
			runOnlyForDeploymentPostprocessing = 0;
		};
/* End PBXFrameworksBuildPhase section */

/* Begin PBXGroup section */
		1FCD06F91EA245B000939672 = {
			isa = PBXGroup;
			children = (
				1FCD07041EA245B000939672 /* exam */,
				1FCD07191EA245B100939672 /* examTests */,
				1FCD07241EA245B100939672 /* examUITests */,
				1FCD07031EA245B000939672 /* Products */,
			);
			sourceTree = "<group>";
		};
		1FCD07031EA245B000939672 /* Products */ = {
			isa = PBXGroup;
			children = (
				1FCD07021EA245B000939672 /* exam.app */,
				1FCD07161EA245B100939672 /* examTests.xctest */,
				1FCD07211EA245B100939672 /* examUITests.xctest */,
			);
			name = Products;
			sourceTree = "<group>";
		};
		1FCD07041EA245B000939672 /* exam */ = {
			isa = PBXGroup;
			children = (
				1FCD07051EA245B000939672 /* AppDelegate.swift */,
				1FCD07071EA245B000939672 /* ViewController.swift */,
				1FCD07091EA245B000939672 /* Main.storyboard */,
				1FCD070C1EA245B000939672 /* Assets.xcassets */,
				1FCD070E1EA245B000939672 /* LaunchScreen.storyboard */,
				1FCD07111EA245B000939672 /* Info.plist */,
			);
			path = exam;
			sourceTree = "<group>";
		};
		1FCD07191EA245B100939672 /* examTests */ = {
			isa = PBXGroup;
			children = (
				1FCD071A1EA245B100939672 /* examTests.swift */,
				1FCD071C1EA245B100939672 /* Info.plist */,
			);
			path = examTests;
			sourceTree = "<group>";
		};
		1FCD07241EA245B100939672 /* examUITests */ = {
			isa = PBXGroup;
			children = (
				1FCD07251EA245B100939672 /* examUITests.swift */,
				1FCD07271EA245B100939672 /* Info.plist */,
			);
			path = examUITests;
			sourceTree = "<group>";
		};
/* End PBXGroup section */

/* Begin PBXNativeTarget section */
		1FCD07011EA245B000939672 /* exam */ = {
			isa = PBXNativeTarget;
			buildConfigurationList = 1FCD072A1EA245B100939672 /* Build configuration list for PBXNativeTarget "exam" */;
			buildPhases = (
				1FCD06FE1EA245B000939672 /* Sources */,
				1FCD06FF1EA245B000939672 /* Frameworks */,
				1FCD07001EA245B000939672 /* Resources */,
			);
			buildRules = (
			);
			dependencies = (
			);
			name = exam;
			productName = exam;
			productReference = 1FCD07021EA245B000939672 /* exam.app */;
			productType = "com.apple.product-type.application";
		};
		1FCD07151EA245B100939672 /* examTests */ = {
			isa = PBXNativeTarget;
			buildConfigurationList = 1FCD072D1EA245B100939672 /* Build configuration list for PBXNativeTarget "examTests" */;
			buildPhases = (
				1FCD07121EA245B100939672 /* Sources */,
				1FCD07131EA245B100939672 /* Frameworks */,
				1FCD07141EA245B100939672 /* Resources */,
			);
			buildRules = (
			);
			dependencies = (
				1FCD07181EA245B100939672 /* PBXTargetDependency */,
			);
			name = examTests;
			productName = examTests;
			productReference = 1FCD07161EA245B100939672 /* examTests.xctest */;
			productType = "com.apple.product-type.bundle.unit-test";
		};
		1FCD07201EA245B100939672 /* examUITests */ = {
			isa = PBXNativeTarget;
			buildConfigurationList = 1FCD07301EA245B100939672 /* Build configuration list for PBXNativeTarget "examUITests" */;
			buildPhases = (
				1FCD071D1EA245B100939672 /* Sources */,
				1FCD071E1EA245B100939672 /* Frameworks */,
				1FCD071F1EA245B100939672 /* Resources */,
			);
			buildRules = (
			);
			dependencies = (
				1FCD07231EA245B100939672 /* PBXTargetDependency */,
			);
			name = examUITests;
			productName = examUITests;
			productReference = 1FCD07211EA245B100939672 /* examUITests.xctest */;
			productType = "com.apple.product-type.bundle.ui-testing";
		};
/* End PBXNativeTarget section */

/* Begin PBXProject section */
		1FCD06FA1EA245B000939672 /* Project object */ = {
			isa = PBXProject;
			attributes = {
				LastSwiftUpdateCheck = 0830;
				LastUpgradeCheck = 0830;
				ORGANIZATIONNAME = "Nataliya Linchevskaya";
				TargetAttributes = {
					1FCD07011EA245B000939672 = {
						CreatedOnToolsVersion = 8.3.1;
						DevelopmentTeam = 2J7LQRZPMH;
						ProvisioningStyle = Automatic;
					};
					1FCD07151EA245B100939672 = {
						CreatedOnToolsVersion = 8.3.1;
						DevelopmentTeam = 2J7LQRZPMH;
						ProvisioningStyle = Automatic;
						TestTargetID = 1FCD07011EA245B000939672;
					};
					1FCD07201EA245B100939672 = {
						CreatedOnToolsVersion = 8.3.1;
						DevelopmentTeam = 2J7LQRZPMH;
						ProvisioningStyle = Automatic;
						TestTargetID = 1FCD07011EA245B000939672;
					};
				};
			};
			buildConfigurationList = 1FCD06FD1EA245B000939672 /* Build configuration list for PBXProject "exam" */;
			compatibilityVersion = "Xcode 3.2";
			developmentRegion = English;
			hasScannedForEncodings = 0;
			knownRegions = (
				en,
				Base,
			);
			mainGroup = 1FCD06F91EA245B000939672;
			productRefGroup = 1FCD07031EA245B000939672 /* Products */;
			projectDirPath = "";
			projectRoot = "";
			targets = (
				1FCD07011EA245B000939672 /* exam */,
				1FCD07151EA245B100939672 /* examTests */,
				1FCD07201EA245B100939672 /* examUITests */,
			);
		};
/* End PBXProject section */

/* Begin PBXResourcesBuildPhase section */
		1FCD07001EA245B000939672 /* Resources */ = {
			isa = PBXResourcesBuildPhase;
			buildActionMask = 2147483647;
			files = (
				1FCD07101EA245B000939672 /* LaunchScreen.storyboard in Resources */,
				1FCD070D1EA245B000939672 /* Assets.xcassets in Resources */,
				1FCD070B1EA245B000939672 /* Main.storyboard in Resources */,
			);
			runOnlyForDeploymentPostprocessing = 0;
		};
		1FCD07141EA245B100939672 /* Resources */ = {
			isa = PBXResourcesBuildPhase;
			buildActionMask = 2147483647;
			files = (
			);
			runOnlyForDeploymentPostprocessing = 0;
		};
		1FCD071F1EA245B100939672 /* Resources */ = {
			isa = PBXResourcesBuildPhase;
			buildActionMask = 2147483647;
			files = (
			);
			runOnlyForDeploymentPostprocessing = 0;
		};
/* End PBXResourcesBuildPhase section */

/* Begin PBXSourcesBuildPhase section */
		1FCD06FE1EA245B000939672 /* Sources */ = {
			isa = PBXSourcesBuildPhase;
			buildActionMask = 2147483647;
			files = (
				1FCD07081EA245B000939672 /* ViewController.swift in Sources */,
				1FCD07061EA245B000939672 /* AppDelegate.swift in Sources */,
			);
			runOnlyForDeploymentPostprocessing = 0;
		};
		1FCD07121EA245B100939672 /* Sources */ = {
			isa = PBXSourcesBuildPhase;
			buildActionMask = 2147483647;
			files = (
				1FCD071B1EA245B100939672 /* examTests.swift in Sources */,
			);
			runOnlyForDeploymentPostprocessing = 0;
		};
		1FCD071D1EA245B100939672 /* Sources */ = {
			isa = PBXSourcesBuildPhase;
			buildActionMask = 2147483647;
			files = (
				1FCD07261EA245B100939672 /* examUITests.swift in Sources */,
			);
			runOnlyForDeploymentPostprocessing = 0;
		};
/* End PBXSourcesBuildPhase section */

/* Begin PBXTargetDependency section */
		1FCD07181EA245B100939672 /* PBXTargetDependency */ = {
			isa = PBXTargetDependency;
			target = 1FCD07011EA245B000939672 /* exam */;
			targetProxy = 1FCD07171EA245B100939672 /* PBXContainerItemProxy */;
		};
		1FCD07231EA245B100939672 /* PBXTargetDependency */ = {
			isa = PBXTargetDependency;
			target = 1FCD07011EA245B000939672 /* exam */;
			targetProxy = 1FCD07221EA245B100939672 /* PBXContainerItemProxy */;
		};
/* End PBXTargetDependency section */

/* Begin PBXVariantGroup section */
		1FCD07091EA245B000939672 /* Main.storyboard */ = {
			isa = PBXVariantGroup;
			children = (
				1FCD070A1EA245B000939672 /* Base */,
			);
			name = Main.storyboard;
			sourceTree = "<group>";
		};
		1FCD070E1EA245B000939672 /* LaunchScreen.storyboard */ = {
			isa = PBXVariantGroup;
			children = (
				1FCD070F1EA245B000939672 /* Base */,
			);
			name = LaunchScreen.storyboard;
			sourceTree = "<group>";
		};
/* End PBXVariantGroup section */

/* Begin XCBuildConfiguration section */
		1FCD07281EA245B100939672 /* Debug */ = {
			isa = XCBuildConfiguration;
			buildSettings = {
				ALWAYS_SEARCH_USER_PATHS = NO;
				CLANG_ANALYZER_NONNULL = YES;
				CLANG_ANALYZER_NUMBER_OBJECT_CONVERSION = YES_AGGRESSIVE;
				CLANG_CXX_LANGUAGE_STANDARD = "gnu++0x";
				CLANG_CXX_LIBRARY = "libc++";
				CLANG_ENABLE_MODULES = YES;
				CLANG_ENABLE_OBJC_ARC = YES;
				CLANG_WARN_BOOL_CONVERSION = YES;
				CLANG_WARN_CONSTANT_CONVERSION = YES;
				CLANG_WARN_DIRECT_OBJC_ISA_USAGE = YES_ERROR;
				CLANG_WARN_DOCUMENTATION_COMMENTS = YES;
				CLANG_WARN_EMPTY_BODY = YES;
				CLANG_WARN_ENUM_CONVERSION = YES;
				CLANG_WARN_INFINITE_RECURSION = YES;
				CLANG_WARN_INT_CONVERSION = YES;
				CLANG_WARN_OBJC_ROOT_CLASS = YES_ERROR;
				CLANG_WARN_SUSPICIOUS_MOVE = YES;
				CLANG_WARN_UNREACHABLE_CODE = YES;
				CLANG_WARN__DUPLICATE_METHOD_MATCH = YES;
				"CODE_SIGN_IDENTITY[sdk=iphoneos*]" = "iPhone Developer";
				COPY_PHASE_STRIP = NO;
				DEBUG_INFORMATION_FORMAT = dwarf;
				ENABLE_STRICT_OBJC_MSGSEND = YES;
				ENABLE_TESTABILITY = YES;
				GCC_C_LANGUAGE_STANDARD = gnu99;
				GCC_DYNAMIC_NO_PIC = NO;
				GCC_NO_COMMON_BLOCKS = YES;
				GCC_OPTIMIZATION_LEVEL = 0;
				GCC_PREPROCESSOR_DEFINITIONS = (
					"DEBUG=1",
					"$(inherited)",
				);
				GCC_WARN_64_TO_32_BIT_CONVERSION = YES;
				GCC_WARN_ABOUT_RETURN_TYPE = YES_ERROR;
				GCC_WARN_UNDECLARED_SELECTOR = YES;
				GCC_WARN_UNINITIALIZED_AUTOS = YES_AGGRESSIVE;
				GCC_WARN_UNUSED_FUNCTION = YES;
				GCC_WARN_UNUSED_VARIABLE = YES;
				IPHONEOS_DEPLOYMENT_TARGET = 10.3;
				MTL_ENABLE_DEBUG_INFO = YES;
				ONLY_ACTIVE_ARCH = YES;
				SDKROOT = iphoneos;
				SWIFT_ACTIVE_COMPILATION_CONDITIONS = DEBUG;
				SWIFT_OPTIMIZATION_LEVEL = "-Onone";
				TARGETED_DEVICE_FAMILY = "1,2";
			};
			name = Debug;
		};
		1FCD07291EA245B100939672 /* Release */ = {
			isa = XCBuildConfiguration;
			buildSettings = {
				ALWAYS_SEARCH_USER_PATHS = NO;
				CLANG_ANALYZER_NONNULL = YES;
				CLANG_ANALYZER_NUMBER_OBJECT_CONVERSION = YES_AGGRESSIVE;
				CLANG_CXX_LANGUAGE_STANDARD = "gnu++0x";
				CLANG_CXX_LIBRARY = "libc++";
				CLANG_ENABLE_MODULES = YES;
				CLANG_ENABLE_OBJC_ARC = YES;
				CLANG_WARN_BOOL_CONVERSION = YES;
				CLANG_WARN_CONSTANT_CONVERSION = YES;
				CLANG_WARN_DIRECT_OBJC_ISA_USAGE = YES_ERROR;
				CLANG_WARN_DOCUMENTATION_COMMENTS = YES;
				CLANG_WARN_EMPTY_BODY = YES;
				CLANG_WARN_ENUM_CONVERSION = YES;
				CLANG_WARN_INFINITE_RECURSION = YES;
				CLANG_WARN_INT_CONVERSION = YES;
				CLANG_WARN_OBJC_ROOT_CLASS = YES_ERROR;
				CLANG_WARN_SUSPICIOUS_MOVE = YES;
				CLANG_WARN_UNREACHABLE_CODE = YES;
				CLANG_WARN__DUPLICATE_METHOD_MATCH = YES;
				"CODE_SIGN_IDENTITY[sdk=iphoneos*]" = "iPhone Developer";
				COPY_PHASE_STRIP = NO;
				DEBUG_INFORMATION_FORMAT = "dwarf-with-dsym";
				ENABLE_NS_ASSERTIONS = NO;
				ENABLE_STRICT_OBJC_MSGSEND = YES;
				GCC_C_LANGUAGE_STANDARD = gnu99;
				GCC_NO_COMMON_BLOCKS = YES;
				GCC_WARN_64_TO_32_BIT_CONVERSION = YES;
				GCC_WARN_ABOUT_RETURN_TYPE = YES_ERROR;
				GCC_WARN_UNDECLARED_SELECTOR = YES;
				GCC_WARN_UNINITIALIZED_AUTOS = YES_AGGRESSIVE;
				GCC_WARN_UNUSED_FUNCTION = YES;
				GCC_WARN_UNUSED_VARIABLE = YES;
				IPHONEOS_DEPLOYMENT_TARGET = 10.3;
				MTL_ENABLE_DEBUG_INFO = NO;
				SDKROOT = iphoneos;
				SWIFT_OPTIMIZATION_LEVEL = "-Owholemodule";
				TARGETED_DEVICE_FAMILY = "1,2";
				VALIDATE_PRODUCT = YES;
			};
			name = Release;
		};
		1FCD072B1EA245B100939672 /* Debug */ = {
			isa = XCBuildConfiguration;
			buildSettings = {
				ASSETCATALOG_COMPILER_APPICON_NAME = AppIcon;
				DEVELOPMENT_TEAM = 2J7LQRZPMH;
				INFOPLIST_FILE = exam/Info.plist;
				LD_RUNPATH_SEARCH_PATHS = "$(inherited) @executable_path/Frameworks";
				PRODUCT_BUNDLE_IDENTIFIER = nat.exam;
				PRODUCT_NAME = "$(TARGET_NAME)";
				SWIFT_VERSION = 3.0;
			};
			name = Debug;
		};
		1FCD072C1EA245B100939672 /* Release */ = {
			isa = XCBuildConfiguration;
			buildSettings = {
				ASSETCATALOG_COMPILER_APPICON_NAME = AppIcon;
				DEVELOPMENT_TEAM = 2J7LQRZPMH;
				INFOPLIST_FILE = exam/Info.plist;
				LD_RUNPATH_SEARCH_PATHS = "$(inherited) @executable_path/Frameworks";
				PRODUCT_BUNDLE_IDENTIFIER = nat.exam;
				PRODUCT_NAME = "$(TARGET_NAME)";
				SWIFT_VERSION = 3.0;
			};
			name = Release;
		};
		1FCD072E1EA245B100939672 /* Debug */ = {
			isa = XCBuildConfiguration;
			buildSettings = {
				ALWAYS_EMBED_SWIFT_STANDARD_LIBRARIES = YES;
				BUNDLE_LOADER = "$(TEST_HOST)";
				DEVELOPMENT_TEAM = 2J7LQRZPMH;
				INFOPLIST_FILE = examTests/Info.plist;
				LD_RUNPATH_SEARCH_PATHS = "$(inherited) @executable_path/Frameworks @loader_path/Frameworks";
				PRODUCT_BUNDLE_IDENTIFIER = nat.examTests;
				PRODUCT_NAME = "$(TARGET_NAME)";
				SWIFT_VERSION = 3.0;
				TEST_HOST = "$(BUILT_PRODUCTS_DIR)/exam.app/exam";
			};
			name = Debug;
		};
		1FCD072F1EA245B100939672 /* Release */ = {
			isa = XCBuildConfiguration;
			buildSettings = {
				ALWAYS_EMBED_SWIFT_STANDARD_LIBRARIES = YES;
				BUNDLE_LOADER = "$(TEST_HOST)";
				DEVELOPMENT_TEAM = 2J7LQRZPMH;
				INFOPLIST_FILE = examTests/Info.plist;
				LD_RUNPATH_SEARCH_PATHS = "$(inherited) @executable_path/Frameworks @loader_path/Frameworks";
				PRODUCT_BUNDLE_IDENTIFIER = nat.examTests;
				PRODUCT_NAME = "$(TARGET_NAME)";
				SWIFT_VERSION = 3.0;
				TEST_HOST = "$(BUILT_PRODUCTS_DIR)/exam.app/exam";
			};
			name = Release;
		};
		1FCD07311EA245B100939672 /* Debug */ = {
			isa = XCBuildConfiguration;
			buildSettings = {
				ALWAYS_EMBED_SWIFT_STANDARD_LIBRARIES = YES;
				DEVELOPMENT_TEAM = 2J7LQRZPMH;
				INFOPLIST_FILE = examUITests/Info.plist;
				LD_RUNPATH_SEARCH_PATHS = "$(inherited) @executable_path/Frameworks @loader_path/Frameworks";
				PRODUCT_BUNDLE_IDENTIFIER = nat.examUITests;
				PRODUCT_NAME = "$(TARGET_NAME)";
				SWIFT_VERSION = 3.0;
				TEST_TARGET_NAME = exam;
			};
			name = Debug;
		};
		1FCD07321EA245B100939672 /* Release */ = {
			isa = XCBuildConfiguration;
			buildSettings = {
				ALWAYS_EMBED_SWIFT_STANDARD_LIBRARIES = YES;
				DEVELOPMENT_TEAM = 2J7LQRZPMH;
				INFOPLIST_FILE = examUITests/Info.plist;
				LD_RUNPATH_SEARCH_PATHS = "$(inherited) @executable_path/Frameworks @loader_path/Frameworks";
				PRODUCT_BUNDLE_IDENTIFIER = nat.examUITests;
				PRODUCT_NAME = "$(TARGET_NAME)";
				SWIFT_VERSION = 3.0;
				TEST_TARGET_NAME = exam;
			};
			name = Release;
		};
/* End XCBuildConfiguration section */

/* Begin XCConfigurationList section */
		1FCD06FD1EA245B000939672 /* Build configuration list for PBXProject "exam" */ = {
			isa = XCConfigurationList;
			buildConfigurations = (
				1FCD07281EA245B100939672 /* Debug */,
				1FCD07291EA245B100939672 /* Release */,
			);
			defaultConfigurationIsVisible = 0;
			defaultConfigurationName = Release;
		};
		1FCD072A1EA245B100939672 /* Build configuration list for PBXNativeTarget "exam" */ = {
			isa = XCConfigurationList;
			buildConfigurations = (
				1FCD072B1EA245B100939672 /* Debug */,
				1FCD072C1EA245B100939672 /* Release */,
			);
			defaultConfigurationIsVisible = 0;
		};
		1FCD072D1EA245B100939672 /* Build configuration list for PBXNativeTarget "examTests" */ = {
			isa = XCConfigurationList;
			buildConfigurations = (
				1FCD072E1EA245B100939672 /* Debug */,
				1FCD072F1EA245B100939672 /* Release */,
			);
			defaultConfigurationIsVisible = 0;
		};
		1FCD07301EA245B100939672 /* Build configuration list for PBXNativeTarget "examUITests" */ = {
			isa = XCConfigurationList;
			buildConfigurations = (
				1FCD07311EA245B100939672 /* Debug */,
				1FCD07321EA245B100939672 /* Release */,
			);
			defaultConfigurationIsVisible = 0;
		};
/* End XCConfigurationList section */
	};
	rootObject = 1FCD06FA1EA245B000939672 /* Project object */;
}
